PODS:
  - Alamofire (4.7.2)
  - CoreEvents (1.1.2)

DEPENDENCIES:
  - Alamofire (~> 4.7.2)
  - CoreEvents (from `https://github.com/dmitry2101/CoreEvents.git`, commit `9ef9df6`)

SPEC REPOS:
  https://github.com/cocoapods/specs.git:
    - Alamofire

EXTERNAL SOURCES:
  CoreEvents:
    :commit: 9ef9df6
    :git: https://github.com/dmitry2101/CoreEvents.git

CHECKOUT OPTIONS:
  CoreEvents:
    :commit: 9ef9df6
    :git: https://github.com/dmitry2101/CoreEvents.git

SPEC CHECKSUMS:
  Alamofire: e4fa87002c137ba2d8d634d2c51fabcda0d5c223
  CoreEvents: cbd056bc95f846766308920fd3e519d0afc0fc89

PODFILE CHECKSUM: 28cadbfbc09fe84970da7cc665c84104cee6e68c

COCOAPODS: 1.7.1
